
Microsoft Visual Studio Solution File, Format Version 11.00
# Visual Studio 2010
Project("{FAE04EC0-301F-11D3-BF4B-00C04F79EFBC}") = "Client", "Client\Client.csproj", "{16D5D827-10A0-45E2-BE4A-682E77102658}"
EndProject
Project("{2150E333-8FDC-42A3-9474-1A3956D46DE8}") = "Tools", "Tools", "{B1C6E38F-3014-4B23-BEF8-A292A72E67E2}"
EndProject
Project("{FAE04EC0-301F-11D3-BF4B-00C04F79EFBC}") = "Build", "Tools\Build\Build.csproj", "{04C9E796-C4AE-44C0-888B-C72A68F147B0}"
EndProject
Project("{2150E333-8FDC-42A3-9474-1A3956D46DE8}") = "Servers", "Servers", "{33FA362E-38CD-4D45-A663-5FB05603AF61}"
EndProject
Project("{FAE04EC0-301F-11D3-BF4B-00C04F79EFBC}") = "SiteServer", "Servers\SiteServer\SiteServer.csproj", "{2DB723F1-36BC-4CCC-A338-FC607B5A2B0E}"
EndProject
Project("{FAE04EC0-301F-11D3-BF4B-00C04F79EFBC}") = "GatewayServer", "Servers\GatewayServer\GatewayServer.csproj", "{9BD5CDFE-78D6-4136-9D14-90F3611CFD0C}"
EndProject
Project("{FAE04EC0-301F-11D3-BF4B-00C04F79EFBC}") = "HeadServer", "Servers\HeadServer\HeadServer.csproj", "{F7E5989C-F6FB-4DD8-8823-6BD88ACE5142}"
EndProject
Project("{FAE04EC0-301F-11D3-BF4B-00C04F79EFBC}") = "GameServer", "Servers\GameServer\GameServer.csproj", "{10EE652B-4D19-427F-8473-3FE48393AA4D}"
EndProject
Project("{FAE04EC0-301F-11D3-BF4B-00C04F79EFBC}") = "ChatServer", "Servers\ChatServer\ChatServer.csproj", "{EEF57C9C-E3D9-46C7-B350-A4110529C63E}"
EndProject
Project("{2150E333-8FDC-42A3-9474-1A3956D46DE8}") = "Libraries", "Libraries", "{EBCB9035-3B5B-40C0-AFB2-DF6983D4AFA9}"
EndProject
Project("{FAE04EC0-301F-11D3-BF4B-00C04F79EFBC}") = "ServerAPI", "Libraries\ServerAPI\ServerAPI.csproj", "{529D26FE-DE85-4FC8-818A-ABF63952CAF0}"
EndProject
Project("{FAE04EC0-301F-11D3-BF4B-00C04F79EFBC}") = "ClientAPI", "Libraries\ClientAPI\ClientAPI.csproj", "{1A35F8BB-B5A5-429F-B693-4F2728488249}"
EndProject
Project("{FAE04EC0-301F-11D3-BF4B-00C04F79EFBC}") = "CommonLibraries", "Libraries\CommonLibraries\CommonLibraries.csproj", "{12C3B8E8-A775-48AC-95EE-137DCE2B805C}"
EndProject
Project("{FAE04EC0-301F-11D3-BF4B-00C04F79EFBC}") = "CommonClientLibaries", "Libraries\CommonClientLibaries\CommonClientLibaries.csproj", "{9327877B-85F9-4C08-B8DD-55D7ADA1A62E}"
EndProject
Project("{FAE04EC0-301F-11D3-BF4B-00C04F79EFBC}") = "CommonServerLibraries", "Libraries\CommonServerLibraries\CommonServerLibraries.csproj", "{D12A21CA-E79E-4A8A-B8BC-9F0969BF3860}"
EndProject
Project("{2150E333-8FDC-42A3-9474-1A3956D46DE8}") = "Games", "Games", "{6C3CAED4-FFB9-48E4-9588-16949DFB9DC6}"
EndProject
Project("{2150E333-8FDC-42A3-9474-1A3956D46DE8}") = "Sudoku", "Sudoku", "{D6B063A1-DA13-43B7-BEEA-0677F39AB083}"
EndProject
Project("{FAE04EC0-301F-11D3-BF4B-00C04F79EFBC}") = "SudokuClient", "Games\Sudoku\SudokuClient\SudokuClient.csproj", "{FED510A9-EA3E-4ADB-9BD7-0420F9020029}"
EndProject
Project("{FAE04EC0-301F-11D3-BF4B-00C04F79EFBC}") = "SudokuServer", "Games\Sudoku\SudokuServer\SudokuServer.csproj", "{77454E48-A66C-4449-BB64-35A26752CC6F}"
EndProject
Global
	GlobalSection(SolutionConfigurationPlatforms) = preSolution
		Debug|Any CPU = Debug|Any CPU
		Debug|Mixed Platforms = Debug|Mixed Platforms
		Debug|x86 = Debug|x86
		Release|Any CPU = Release|Any CPU
		Release|Mixed Platforms = Release|Mixed Platforms
		Release|x86 = Release|x86
	EndGlobalSection
	GlobalSection(ProjectConfigurationPlatforms) = postSolution
		{16D5D827-10A0-45E2-BE4A-682E77102658}.Debug|Any CPU.ActiveCfg = Debug|Any CPU
		{16D5D827-10A0-45E2-BE4A-682E77102658}.Debug|Any CPU.Build.0 = Debug|Any CPU
		{16D5D827-10A0-45E2-BE4A-682E77102658}.Debug|Mixed Platforms.ActiveCfg = Debug|Any CPU
		{16D5D827-10A0-45E2-BE4A-682E77102658}.Debug|Mixed Platforms.Build.0 = Debug|Any CPU
		{16D5D827-10A0-45E2-BE4A-682E77102658}.Debug|x86.ActiveCfg = Debug|Any CPU
		{16D5D827-10A0-45E2-BE4A-682E77102658}.Release|Any CPU.ActiveCfg = Release|Any CPU
		{16D5D827-10A0-45E2-BE4A-682E77102658}.Release|Any CPU.Build.0 = Release|Any CPU
		{16D5D827-10A0-45E2-BE4A-682E77102658}.Release|Mixed Platforms.ActiveCfg = Release|Any CPU
		{16D5D827-10A0-45E2-BE4A-682E77102658}.Release|Mixed Platforms.Build.0 = Release|Any CPU
		{16D5D827-10A0-45E2-BE4A-682E77102658}.Release|x86.ActiveCfg = Release|Any CPU
		{04C9E796-C4AE-44C0-888B-C72A68F147B0}.Debug|Any CPU.ActiveCfg = Debug|x86
		{04C9E796-C4AE-44C0-888B-C72A68F147B0}.Debug|Mixed Platforms.ActiveCfg = Debug|x86
		{04C9E796-C4AE-44C0-888B-C72A68F147B0}.Debug|Mixed Platforms.Build.0 = Debug|x86
		{04C9E796-C4AE-44C0-888B-C72A68F147B0}.Debug|x86.ActiveCfg = Debug|x86
		{04C9E796-C4AE-44C0-888B-C72A68F147B0}.Debug|x86.Build.0 = Debug|x86
		{04C9E796-C4AE-44C0-888B-C72A68F147B0}.Release|Any CPU.ActiveCfg = Release|x86
		{04C9E796-C4AE-44C0-888B-C72A68F147B0}.Release|Mixed Platforms.ActiveCfg = Release|x86
		{04C9E796-C4AE-44C0-888B-C72A68F147B0}.Release|Mixed Platforms.Build.0 = Release|x86
		{04C9E796-C4AE-44C0-888B-C72A68F147B0}.Release|x86.ActiveCfg = Release|x86
		{04C9E796-C4AE-44C0-888B-C72A68F147B0}.Release|x86.Build.0 = Release|x86
		{2DB723F1-36BC-4CCC-A338-FC607B5A2B0E}.Debug|Any CPU.ActiveCfg = Debug|Any CPU
		{2DB723F1-36BC-4CCC-A338-FC607B5A2B0E}.Debug|Any CPU.Build.0 = Debug|Any CPU
		{2DB723F1-36BC-4CCC-A338-FC607B5A2B0E}.Debug|Mixed Platforms.ActiveCfg = Debug|Any CPU
		{2DB723F1-36BC-4CCC-A338-FC607B5A2B0E}.Debug|Mixed Platforms.Build.0 = Debug|Any CPU
		{2DB723F1-36BC-4CCC-A338-FC607B5A2B0E}.Debug|x86.ActiveCfg = Debug|Any CPU
		{2DB723F1-36BC-4CCC-A338-FC607B5A2B0E}.Release|Any CPU.ActiveCfg = Release|Any CPU
		{2DB723F1-36BC-4CCC-A338-FC607B5A2B0E}.Release|Any CPU.Build.0 = Release|Any CPU
		{2DB723F1-36BC-4CCC-A338-FC607B5A2B0E}.Release|Mixed Platforms.ActiveCfg = Release|Any CPU
		{2DB723F1-36BC-4CCC-A338-FC607B5A2B0E}.Release|Mixed Platforms.Build.0 = Release|Any CPU
		{2DB723F1-36BC-4CCC-A338-FC607B5A2B0E}.Release|x86.ActiveCfg = Release|Any CPU
		{9BD5CDFE-78D6-4136-9D14-90F3611CFD0C}.Debug|Any CPU.ActiveCfg = Debug|Any CPU
		{9BD5CDFE-78D6-4136-9D14-90F3611CFD0C}.Debug|Any CPU.Build.0 = Debug|Any CPU
		{9BD5CDFE-78D6-4136-9D14-90F3611CFD0C}.Debug|Mixed Platforms.ActiveCfg = Debug|Any CPU
		{9BD5CDFE-78D6-4136-9D14-90F3611CFD0C}.Debug|Mixed Platforms.Build.0 = Debug|Any CPU
		{9BD5CDFE-78D6-4136-9D14-90F3611CFD0C}.Debug|x86.ActiveCfg = Debug|Any CPU
		{9BD5CDFE-78D6-4136-9D14-90F3611CFD0C}.Release|Any CPU.ActiveCfg = Release|Any CPU
		{9BD5CDFE-78D6-4136-9D14-90F3611CFD0C}.Release|Any CPU.Build.0 = Release|Any CPU
		{9BD5CDFE-78D6-4136-9D14-90F3611CFD0C}.Release|Mixed Platforms.ActiveCfg = Release|Any CPU
		{9BD5CDFE-78D6-4136-9D14-90F3611CFD0C}.Release|Mixed Platforms.Build.0 = Release|Any CPU
		{9BD5CDFE-78D6-4136-9D14-90F3611CFD0C}.Release|x86.ActiveCfg = Release|Any CPU
		{F7E5989C-F6FB-4DD8-8823-6BD88ACE5142}.Debug|Any CPU.ActiveCfg = Debug|Any CPU
		{F7E5989C-F6FB-4DD8-8823-6BD88ACE5142}.Debug|Any CPU.Build.0 = Debug|Any CPU
		{F7E5989C-F6FB-4DD8-8823-6BD88ACE5142}.Debug|Mixed Platforms.ActiveCfg = Debug|Any CPU
		{F7E5989C-F6FB-4DD8-8823-6BD88ACE5142}.Debug|Mixed Platforms.Build.0 = Debug|Any CPU
		{F7E5989C-F6FB-4DD8-8823-6BD88ACE5142}.Debug|x86.ActiveCfg = Debug|Any CPU
		{F7E5989C-F6FB-4DD8-8823-6BD88ACE5142}.Release|Any CPU.ActiveCfg = Release|Any CPU
		{F7E5989C-F6FB-4DD8-8823-6BD88ACE5142}.Release|Any CPU.Build.0 = Release|Any CPU
		{F7E5989C-F6FB-4DD8-8823-6BD88ACE5142}.Release|Mixed Platforms.ActiveCfg = Release|Any CPU
		{F7E5989C-F6FB-4DD8-8823-6BD88ACE5142}.Release|Mixed Platforms.Build.0 = Release|Any CPU
		{F7E5989C-F6FB-4DD8-8823-6BD88ACE5142}.Release|x86.ActiveCfg = Release|Any CPU
		{10EE652B-4D19-427F-8473-3FE48393AA4D}.Debug|Any CPU.ActiveCfg = Debug|Any CPU
		{10EE652B-4D19-427F-8473-3FE48393AA4D}.Debug|Any CPU.Build.0 = Debug|Any CPU
		{10EE652B-4D19-427F-8473-3FE48393AA4D}.Debug|Mixed Platforms.ActiveCfg = Debug|Any CPU
		{10EE652B-4D19-427F-8473-3FE48393AA4D}.Debug|Mixed Platforms.Build.0 = Debug|Any CPU
		{10EE652B-4D19-427F-8473-3FE48393AA4D}.Debug|x86.ActiveCfg = Debug|Any CPU
		{10EE652B-4D19-427F-8473-3FE48393AA4D}.Release|Any CPU.ActiveCfg = Release|Any CPU
		{10EE652B-4D19-427F-8473-3FE48393AA4D}.Release|Any CPU.Build.0 = Release|Any CPU
		{10EE652B-4D19-427F-8473-3FE48393AA4D}.Release|Mixed Platforms.ActiveCfg = Release|Any CPU
		{10EE652B-4D19-427F-8473-3FE48393AA4D}.Release|Mixed Platforms.Build.0 = Release|Any CPU
		{10EE652B-4D19-427F-8473-3FE48393AA4D}.Release|x86.ActiveCfg = Release|Any CPU
		{EEF57C9C-E3D9-46C7-B350-A4110529C63E}.Debug|Any CPU.ActiveCfg = Debug|Any CPU
		{EEF57C9C-E3D9-46C7-B350-A4110529C63E}.Debug|Any CPU.Build.0 = Debug|Any CPU
		{EEF57C9C-E3D9-46C7-B350-A4110529C63E}.Debug|Mixed Platforms.ActiveCfg = Debug|Any CPU
		{EEF57C9C-E3D9-46C7-B350-A4110529C63E}.Debug|Mixed Platforms.Build.0 = Debug|Any CPU
		{EEF57C9C-E3D9-46C7-B350-A4110529C63E}.Debug|x86.ActiveCfg = Debug|Any CPU
		{EEF57C9C-E3D9-46C7-B350-A4110529C63E}.Release|Any CPU.ActiveCfg = Release|Any CPU
		{EEF57C9C-E3D9-46C7-B350-A4110529C63E}.Release|Any CPU.Build.0 = Release|Any CPU
		{EEF57C9C-E3D9-46C7-B350-A4110529C63E}.Release|Mixed Platforms.ActiveCfg = Release|Any CPU
		{EEF57C9C-E3D9-46C7-B350-A4110529C63E}.Release|Mixed Platforms.Build.0 = Release|Any CPU
		{EEF57C9C-E3D9-46C7-B350-A4110529C63E}.Release|x86.ActiveCfg = Release|Any CPU
		{529D26FE-DE85-4FC8-818A-ABF63952CAF0}.Debug|Any CPU.ActiveCfg = Debug|Any CPU
		{529D26FE-DE85-4FC8-818A-ABF63952CAF0}.Debug|Any CPU.Build.0 = Debug|Any CPU
		{529D26FE-DE85-4FC8-818A-ABF63952CAF0}.Debug|Mixed Platforms.ActiveCfg = Debug|Any CPU
		{529D26FE-DE85-4FC8-818A-ABF63952CAF0}.Debug|Mixed Platforms.Build.0 = Debug|Any CPU
		{529D26FE-DE85-4FC8-818A-ABF63952CAF0}.Debug|x86.ActiveCfg = Debug|Any CPU
		{529D26FE-DE85-4FC8-818A-ABF63952CAF0}.Release|Any CPU.ActiveCfg = Release|Any CPU
		{529D26FE-DE85-4FC8-818A-ABF63952CAF0}.Release|Any CPU.Build.0 = Release|Any CPU
		{529D26FE-DE85-4FC8-818A-ABF63952CAF0}.Release|Mixed Platforms.ActiveCfg = Release|Any CPU
		{529D26FE-DE85-4FC8-818A-ABF63952CAF0}.Release|Mixed Platforms.Build.0 = Release|Any CPU
		{529D26FE-DE85-4FC8-818A-ABF63952CAF0}.Release|x86.ActiveCfg = Release|Any CPU
		{1A35F8BB-B5A5-429F-B693-4F2728488249}.Debug|Any CPU.ActiveCfg = Debug|Any CPU
		{1A35F8BB-B5A5-429F-B693-4F2728488249}.Debug|Any CPU.Build.0 = Debug|Any CPU
		{1A35F8BB-B5A5-429F-B693-4F2728488249}.Debug|Mixed Platforms.ActiveCfg = Debug|Any CPU
		{1A35F8BB-B5A5-429F-B693-4F2728488249}.Debug|Mixed Platforms.Build.0 = Debug|Any CPU
		{1A35F8BB-B5A5-429F-B693-4F2728488249}.Debug|x86.ActiveCfg = Debug|Any CPU
		{1A35F8BB-B5A5-429F-B693-4F2728488249}.Release|Any CPU.ActiveCfg = Release|Any CPU
		{1A35F8BB-B5A5-429F-B693-4F2728488249}.Release|Any CPU.Build.0 = Release|Any CPU
		{1A35F8BB-B5A5-429F-B693-4F2728488249}.Release|Mixed Platforms.ActiveCfg = Release|Any CPU
		{1A35F8BB-B5A5-429F-B693-4F2728488249}.Release|Mixed Platforms.Build.0 = Release|Any CPU
		{1A35F8BB-B5A5-429F-B693-4F2728488249}.Release|x86.ActiveCfg = Release|Any CPU
		{12C3B8E8-A775-48AC-95EE-137DCE2B805C}.Debug|Any CPU.ActiveCfg = Debug|Any CPU
		{12C3B8E8-A775-48AC-95EE-137DCE2B805C}.Debug|Any CPU.Build.0 = Debug|Any CPU
		{12C3B8E8-A775-48AC-95EE-137DCE2B805C}.Debug|Mixed Platforms.ActiveCfg = Debug|Any CPU
		{12C3B8E8-A775-48AC-95EE-137DCE2B805C}.Debug|Mixed Platforms.Build.0 = Debug|Any CPU
		{12C3B8E8-A775-48AC-95EE-137DCE2B805C}.Debug|x86.ActiveCfg = Debug|Any CPU
		{12C3B8E8-A775-48AC-95EE-137DCE2B805C}.Release|Any CPU.ActiveCfg = Release|Any CPU
		{12C3B8E8-A775-48AC-95EE-137DCE2B805C}.Release|Any CPU.Build.0 = Release|Any CPU
		{12C3B8E8-A775-48AC-95EE-137DCE2B805C}.Release|Mixed Platforms.ActiveCfg = Release|Any CPU
		{12C3B8E8-A775-48AC-95EE-137DCE2B805C}.Release|Mixed Platforms.Build.0 = Release|Any CPU
		{12C3B8E8-A775-48AC-95EE-137DCE2B805C}.Release|x86.ActiveCfg = Release|Any CPU
		{9327877B-85F9-4C08-B8DD-55D7ADA1A62E}.Debug|Any CPU.ActiveCfg = Debug|Any CPU
		{9327877B-85F9-4C08-B8DD-55D7ADA1A62E}.Debug|Any CPU.Build.0 = Debug|Any CPU
		{9327877B-85F9-4C08-B8DD-55D7ADA1A62E}.Debug|Mixed Platforms.ActiveCfg = Debug|Any CPU
		{9327877B-85F9-4C08-B8DD-55D7ADA1A62E}.Debug|Mixed Platforms.Build.0 = Debug|Any CPU
		{9327877B-85F9-4C08-B8DD-55D7ADA1A62E}.Debug|x86.ActiveCfg = Debug|Any CPU
		{9327877B-85F9-4C08-B8DD-55D7ADA1A62E}.Release|Any CPU.ActiveCfg = Release|Any CPU
		{9327877B-85F9-4C08-B8DD-55D7ADA1A62E}.Release|Any CPU.Build.0 = Release|Any CPU
		{9327877B-85F9-4C08-B8DD-55D7ADA1A62E}.Release|Mixed Platforms.ActiveCfg = Release|Any CPU
		{9327877B-85F9-4C08-B8DD-55D7ADA1A62E}.Release|Mixed Platforms.Build.0 = Release|Any CPU
		{9327877B-85F9-4C08-B8DD-55D7ADA1A62E}.Release|x86.ActiveCfg = Release|Any CPU
		{D12A21CA-E79E-4A8A-B8BC-9F0969BF3860}.Debug|Any CPU.ActiveCfg = Debug|Any CPU
		{D12A21CA-E79E-4A8A-B8BC-9F0969BF3860}.Debug|Any CPU.Build.0 = Debug|Any CPU
		{D12A21CA-E79E-4A8A-B8BC-9F0969BF3860}.Debug|Mixed Platforms.ActiveCfg = Debug|Any CPU
		{D12A21CA-E79E-4A8A-B8BC-9F0969BF3860}.Debug|Mixed Platforms.Build.0 = Debug|Any CPU
		{D12A21CA-E79E-4A8A-B8BC-9F0969BF3860}.Debug|x86.ActiveCfg = Debug|Any CPU
		{D12A21CA-E79E-4A8A-B8BC-9F0969BF3860}.Release|Any CPU.ActiveCfg = Release|Any CPU
		{D12A21CA-E79E-4A8A-B8BC-9F0969BF3860}.Release|Any CPU.Build.0 = Release|Any CPU
		{D12A21CA-E79E-4A8A-B8BC-9F0969BF3860}.Release|Mixed Platforms.ActiveCfg = Release|Any CPU
		{D12A21CA-E79E-4A8A-B8BC-9F0969BF3860}.Release|Mixed Platforms.Build.0 = Release|Any CPU
		{D12A21CA-E79E-4A8A-B8BC-9F0969BF3860}.Release|x86.ActiveCfg = Release|Any CPU
		{FED510A9-EA3E-4ADB-9BD7-0420F9020029}.Debug|Any CPU.ActiveCfg = Debug|Any CPU
		{FED510A9-EA3E-4ADB-9BD7-0420F9020029}.Debug|Any CPU.Build.0 = Debug|Any CPU
		{FED510A9-EA3E-4ADB-9BD7-0420F9020029}.Debug|Mixed Platforms.ActiveCfg = Debug|Any CPU
		{FED510A9-EA3E-4ADB-9BD7-0420F9020029}.Debug|Mixed Platforms.Build.0 = Debug|Any CPU
		{FED510A9-EA3E-4ADB-9BD7-0420F9020029}.Debug|x86.ActiveCfg = Debug|Any CPU
		{FED510A9-EA3E-4ADB-9BD7-0420F9020029}.Release|Any CPU.ActiveCfg = Release|Any CPU
		{FED510A9-EA3E-4ADB-9BD7-0420F9020029}.Release|Any CPU.Build.0 = Release|Any CPU
		{FED510A9-EA3E-4ADB-9BD7-0420F9020029}.Release|Mixed Platforms.ActiveCfg = Release|Any CPU
		{FED510A9-EA3E-4ADB-9BD7-0420F9020029}.Release|Mixed Platforms.Build.0 = Release|Any CPU
		{FED510A9-EA3E-4ADB-9BD7-0420F9020029}.Release|x86.ActiveCfg = Release|Any CPU
		{77454E48-A66C-4449-BB64-35A26752CC6F}.Debug|Any CPU.ActiveCfg = Debug|Any CPU
		{77454E48-A66C-4449-BB64-35A26752CC6F}.Debug|Any CPU.Build.0 = Debug|Any CPU
		{77454E48-A66C-4449-BB64-35A26752CC6F}.Debug|Mixed Platforms.ActiveCfg = Debug|Any CPU
		{77454E48-A66C-4449-BB64-35A26752CC6F}.Debug|Mixed Platforms.Build.0 = Debug|Any CPU
		{77454E48-A66C-4449-BB64-35A26752CC6F}.Debug|x86.ActiveCfg = Debug|Any CPU
		{77454E48-A66C-4449-BB64-35A26752CC6F}.Release|Any CPU.ActiveCfg = Release|Any CPU
		{77454E48-A66C-4449-BB64-35A26752CC6F}.Release|Any CPU.Build.0 = Release|Any CPU
		{77454E48-A66C-4449-BB64-35A26752CC6F}.Release|Mixed Platforms.ActiveCfg = Release|Any CPU
		{77454E48-A66C-4449-BB64-35A26752CC6F}.Release|Mixed Platforms.Build.0 = Release|Any CPU
		{77454E48-A66C-4449-BB64-35A26752CC6F}.Release|x86.ActiveCfg = Release|Any CPU
	EndGlobalSection
	GlobalSection(SolutionProperties) = preSolution
		HideSolutionNode = FALSE
	EndGlobalSection
	GlobalSection(NestedProjects) = preSolution
		{04C9E796-C4AE-44C0-888B-C72A68F147B0} = {B1C6E38F-3014-4B23-BEF8-A292A72E67E2}
		{2DB723F1-36BC-4CCC-A338-FC607B5A2B0E} = {33FA362E-38CD-4D45-A663-5FB05603AF61}
		{9BD5CDFE-78D6-4136-9D14-90F3611CFD0C} = {33FA362E-38CD-4D45-A663-5FB05603AF61}
		{F7E5989C-F6FB-4DD8-8823-6BD88ACE5142} = {33FA362E-38CD-4D45-A663-5FB05603AF61}
		{10EE652B-4D19-427F-8473-3FE48393AA4D} = {33FA362E-38CD-4D45-A663-5FB05603AF61}
		{EEF57C9C-E3D9-46C7-B350-A4110529C63E} = {33FA362E-38CD-4D45-A663-5FB05603AF61}
		{529D26FE-DE85-4FC8-818A-ABF63952CAF0} = {EBCB9035-3B5B-40C0-AFB2-DF6983D4AFA9}
		{1A35F8BB-B5A5-429F-B693-4F2728488249} = {EBCB9035-3B5B-40C0-AFB2-DF6983D4AFA9}
		{12C3B8E8-A775-48AC-95EE-137DCE2B805C} = {EBCB9035-3B5B-40C0-AFB2-DF6983D4AFA9}
		{9327877B-85F9-4C08-B8DD-55D7ADA1A62E} = {EBCB9035-3B5B-40C0-AFB2-DF6983D4AFA9}
		{D12A21CA-E79E-4A8A-B8BC-9F0969BF3860} = {EBCB9035-3B5B-40C0-AFB2-DF6983D4AFA9}
		{D6B063A1-DA13-43B7-BEEA-0677F39AB083} = {6C3CAED4-FFB9-48E4-9588-16949DFB9DC6}
		{FED510A9-EA3E-4ADB-9BD7-0420F9020029} = {D6B063A1-DA13-43B7-BEEA-0677F39AB083}
		{77454E48-A66C-4449-BB64-35A26752CC6F} = {D6B063A1-DA13-43B7-BEEA-0677F39AB083}
	EndGlobalSection
EndGlobal
